
Microsoft Visual Studio Solution File, Format Version 12.00
# Visual Studio Version 16
VisualStudioVersion = 16.0.29020.237
MinimumVisualStudioVersion = 10.0.40219.1
Project("{FAE04EC0-301F-11D3-BF4B-00C04F79EFBC}") = "ArmyStarter", "ArmyStarter\ArmyStarter.csproj", "{0479C79C-C7B0-42F5-8737-4F314DB3BDAD}"
EndProject
Project("{9A19103F-16F7-4668-BE54-9A1E7A4F7556}") = "ArmyStarter.Api", "ArmyStarter.Api\ArmyStarter.Api.csproj", "{5A772E3A-7629-4B67-9A0C-2091B5C224DA}"
EndProject
Project("{FAE04EC0-301F-11D3-BF4B-00C04F79EFBC}") = "ArmyStarter.Blazor", "ArmyStarter.Blazor\ArmyStarter.Blazor.csproj", "{FC543451-1DB7-494F-8B13-2719B15EFED7}"
EndProject
Global
	GlobalSection(SolutionConfigurationPlatforms) = preSolution
		Debug|Any CPU = Debug|Any CPU
		Debug|ARM = Debug|ARM
		Debug|ARM64 = Debug|ARM64
		Debug|x64 = Debug|x64
		Debug|x86 = Debug|x86
		Release|Any CPU = Release|Any CPU
		Release|ARM = Release|ARM
		Release|ARM64 = Release|ARM64
		Release|x64 = Release|x64
		Release|x86 = Release|x86
	EndGlobalSection
	GlobalSection(ProjectConfigurationPlatforms) = postSolution
		{0479C79C-C7B0-42F5-8737-4F314DB3BDAD}.Debug|Any CPU.ActiveCfg = Debug|x86
		{0479C79C-C7B0-42F5-8737-4F314DB3BDAD}.Debug|ARM.ActiveCfg = Debug|ARM
		{0479C79C-C7B0-42F5-8737-4F314DB3BDAD}.Debug|ARM.Build.0 = Debug|ARM
		{0479C79C-C7B0-42F5-8737-4F314DB3BDAD}.Debug|ARM.Deploy.0 = Debug|ARM
		{0479C79C-C7B0-42F5-8737-4F314DB3BDAD}.Debug|ARM64.ActiveCfg = Debug|ARM64
		{0479C79C-C7B0-42F5-8737-4F314DB3BDAD}.Debug|ARM64.Build.0 = Debug|ARM64
		{0479C79C-C7B0-42F5-8737-4F314DB3BDAD}.Debug|ARM64.Deploy.0 = Debug|ARM64
		{0479C79C-C7B0-42F5-8737-4F314DB3BDAD}.Debug|x64.ActiveCfg = Debug|x64
		{0479C79C-C7B0-42F5-8737-4F314DB3BDAD}.Debug|x64.Build.0 = Debug|x64
		{0479C79C-C7B0-42F5-8737-4F314DB3BDAD}.Debug|x64.Deploy.0 = Debug|x64
		{0479C79C-C7B0-42F5-8737-4F314DB3BDAD}.Debug|x86.ActiveCfg = Debug|x86
		{0479C79C-C7B0-42F5-8737-4F314DB3BDAD}.Debug|x86.Build.0 = Debug|x86
		{0479C79C-C7B0-42F5-8737-4F314DB3BDAD}.Debug|x86.Deploy.0 = Debug|x86
		{0479C79C-C7B0-42F5-8737-4F314DB3BDAD}.Release|Any CPU.ActiveCfg = Release|x86
		{0479C79C-C7B0-42F5-8737-4F314DB3BDAD}.Release|ARM.ActiveCfg = Release|ARM
		{0479C79C-C7B0-42F5-8737-4F314DB3BDAD}.Release|ARM.Build.0 = Release|ARM
		{0479C79C-C7B0-42F5-8737-4F314DB3BDAD}.Release|ARM.Deploy.0 = Release|ARM
		{0479C79C-C7B0-42F5-8737-4F314DB3BDAD}.Release|ARM64.ActiveCfg = Release|ARM64
		{0479C79C-C7B0-42F5-8737-4F314DB3BDAD}.Release|ARM64.Build.0 = Release|ARM64
		{0479C79C-C7B0-42F5-8737-4F314DB3BDAD}.Release|ARM64.Deploy.0 = Release|ARM64
		{0479C79C-C7B0-42F5-8737-4F314DB3BDAD}.Release|x64.ActiveCfg = Release|x64
		{0479C79C-C7B0-42F5-8737-4F314DB3BDAD}.Release|x64.Build.0 = Release|x64
		{0479C79C-C7B0-42F5-8737-4F314DB3BDAD}.Release|x64.Deploy.0 = Release|x64
		{0479C79C-C7B0-42F5-8737-4F314DB3BDAD}.Release|x86.ActiveCfg = Release|x86
		{0479C79C-C7B0-42F5-8737-4F314DB3BDAD}.Release|x86.Build.0 = Release|x86
		{0479C79C-C7B0-42F5-8737-4F314DB3BDAD}.Release|x86.Deploy.0 = Release|x86
		{5A772E3A-7629-4B67-9A0C-2091B5C224DA}.Debug|Any CPU.ActiveCfg = Debug|Any CPU
		{5A772E3A-7629-4B67-9A0C-2091B5C224DA}.Debug|Any CPU.Build.0 = Debug|Any CPU
		{5A772E3A-7629-4B67-9A0C-2091B5C224DA}.Debug|ARM.ActiveCfg = Debug|Any CPU
		{5A772E3A-7629-4B67-9A0C-2091B5C224DA}.Debug|ARM.Build.0 = Debug|Any CPU
		{5A772E3A-7629-4B67-9A0C-2091B5C224DA}.Debug|ARM64.ActiveCfg = Debug|Any CPU
		{5A772E3A-7629-4B67-9A0C-2091B5C224DA}.Debug|ARM64.Build.0 = Debug|Any CPU
		{5A772E3A-7629-4B67-9A0C-2091B5C224DA}.Debug|x64.ActiveCfg = Debug|Any CPU
		{5A772E3A-7629-4B67-9A0C-2091B5C224DA}.Debug|x64.Build.0 = Debug|Any CPU
		{5A772E3A-7629-4B67-9A0C-2091B5C224DA}.Debug|x86.ActiveCfg = Debug|Any CPU
		{5A772E3A-7629-4B67-9A0C-2091B5C224DA}.Debug|x86.Build.0 = Debug|Any CPU
		{5A772E3A-7629-4B67-9A0C-2091B5C224DA}.Release|Any CPU.ActiveCfg = Release|Any CPU
		{5A772E3A-7629-4B67-9A0C-2091B5C224DA}.Release|Any CPU.Build.0 = Release|Any CPU
		{5A772E3A-7629-4B67-9A0C-2091B5C224DA}.Release|ARM.ActiveCfg = Release|Any CPU
		{5A772E3A-7629-4B67-9A0C-2091B5C224DA}.Release|ARM.Build.0 = Release|Any CPU
		{5A772E3A-7629-4B67-9A0C-2091B5C224DA}.Release|ARM64.ActiveCfg = Release|Any CPU
		{5A772E3A-7629-4B67-9A0C-2091B5C224DA}.Release|ARM64.Build.0 = Release|Any CPU
		{5A772E3A-7629-4B67-9A0C-2091B5C224DA}.Release|x64.ActiveCfg = Release|Any CPU
		{5A772E3A-7629-4B67-9A0C-2091B5C224DA}.Release|x64.Build.0 = Release|Any CPU
		{5A772E3A-7629-4B67-9A0C-2091B5C224DA}.Release|x86.ActiveCfg = Release|Any CPU
		{5A772E3A-7629-4B67-9A0C-2091B5C224DA}.Release|x86.Build.0 = Release|Any CPU
		{FC543451-1DB7-494F-8B13-2719B15EFED7}.Debug|Any CPU.ActiveCfg = Debug|Any CPU
		{FC543451-1DB7-494F-8B13-2719B15EFED7}.Debug|Any CPU.Build.0 = Debug|Any CPU
		{FC543451-1DB7-494F-8B13-2719B15EFED7}.Debug|ARM.ActiveCfg = Debug|Any CPU
		{FC543451-1DB7-494F-8B13-2719B15EFED7}.Debug|ARM.Build.0 = Debug|Any CPU
		{FC543451-1DB7-494F-8B13-2719B15EFED7}.Debug|ARM64.ActiveCfg = Debug|Any CPU
		{FC543451-1DB7-494F-8B13-2719B15EFED7}.Debug|ARM64.Build.0 = Debug|Any CPU
		{FC543451-1DB7-494F-8B13-2719B15EFED7}.Debug|x64.ActiveCfg = Debug|Any CPU
		{FC543451-1DB7-494F-8B13-2719B15EFED7}.Debug|x64.Build.0 = Debug|Any CPU
		{FC543451-1DB7-494F-8B13-2719B15EFED7}.Debug|x86.ActiveCfg = Debug|Any CPU
		{FC543451-1DB7-494F-8B13-2719B15EFED7}.Debug|x86.Build.0 = Debug|Any CPU
		{FC543451-1DB7-494F-8B13-2719B15EFED7}.Release|Any CPU.ActiveCfg = Release|Any CPU
		{FC543451-1DB7-494F-8B13-2719B15EFED7}.Release|Any CPU.Build.0 = Release|Any CPU
		{FC543451-1DB7-494F-8B13-2719B15EFED7}.Release|ARM.ActiveCfg = Release|Any CPU
		{FC543451-1DB7-494F-8B13-2719B15EFED7}.Release|ARM.Build.0 = Release|Any CPU
		{FC543451-1DB7-494F-8B13-2719B15EFED7}.Release|ARM64.ActiveCfg = Release|Any CPU
		{FC543451-1DB7-494F-8B13-2719B15EFED7}.Release|ARM64.Build.0 = Release|Any CPU
		{FC543451-1DB7-494F-8B13-2719B15EFED7}.Release|x64.ActiveCfg = Release|Any CPU
		{FC543451-1DB7-494F-8B13-2719B15EFED7}.Release|x64.Build.0 = Release|Any CPU
		{FC543451-1DB7-494F-8B13-2719B15EFED7}.Release|x86.ActiveCfg = Release|Any CPU
		{FC543451-1DB7-494F-8B13-2719B15EFED7}.Release|x86.Build.0 = Release|Any CPU
	EndGlobalSection
	GlobalSection(SolutionProperties) = preSolution
		HideSolutionNode = FALSE
	EndGlobalSection
	GlobalSection(ExtensibilityGlobals) = postSolution
		SolutionGuid = {331E1FCA-52DE-4342-B454-6640380EF013}
	EndGlobalSection
EndGlobal
