
Microsoft Visual Studio Solution File, Format Version 12.00
# Visual Studio 15
VisualStudioVersion = 15.0.28307.136
MinimumVisualStudioVersion = 10.0.40219.1
Project("{FAE04EC0-301F-11D3-BF4B-00C04F79EFBC}") = "ArmyStarter", "ArmyStarter\ArmyStarter.csproj", "{0479C79C-C7B0-42F5-8737-4F314DB3BDAD}"
EndProject
Global
	GlobalSection(SolutionConfigurationPlatforms) = preSolution
		Debug|ARM = Debug|ARM
		Debug|ARM64 = Debug|ARM64
		Debug|x64 = Debug|x64
		Debug|x86 = Debug|x86
		Release|ARM = Release|ARM
		Release|ARM64 = Release|ARM64
		Release|x64 = Release|x64
		Release|x86 = Release|x86
	EndGlobalSection
	GlobalSection(ProjectConfigurationPlatforms) = postSolution
		{0479C79C-C7B0-42F5-8737-4F314DB3BDAD}.Debug|ARM.ActiveCfg = Debug|ARM
		{0479C79C-C7B0-42F5-8737-4F314DB3BDAD}.Debug|ARM.Build.0 = Debug|ARM
		{0479C79C-C7B0-42F5-8737-4F314DB3BDAD}.Debug|ARM.Deploy.0 = Debug|ARM
		{0479C79C-C7B0-42F5-8737-4F314DB3BDAD}.Debug|ARM64.ActiveCfg = Debug|ARM64
		{0479C79C-C7B0-42F5-8737-4F314DB3BDAD}.Debug|ARM64.Build.0 = Debug|ARM64
		{0479C79C-C7B0-42F5-8737-4F314DB3BDAD}.Debug|ARM64.Deploy.0 = Debug|ARM64
		{0479C79C-C7B0-42F5-8737-4F314DB3BDAD}.Debug|x64.ActiveCfg = Debug|x64
		{0479C79C-C7B0-42F5-8737-4F314DB3BDAD}.Debug|x64.Build.0 = Debug|x64
		{0479C79C-C7B0-42F5-8737-4F314DB3BDAD}.Debug|x64.Deploy.0 = Debug|x64
		{0479C79C-C7B0-42F5-8737-4F314DB3BDAD}.Debug|x86.ActiveCfg = Debug|x86
		{0479C79C-C7B0-42F5-8737-4F314DB3BDAD}.Debug|x86.Build.0 = Debug|x86
		{0479C79C-C7B0-42F5-8737-4F314DB3BDAD}.Debug|x86.Deploy.0 = Debug|x86
		{0479C79C-C7B0-42F5-8737-4F314DB3BDAD}.Release|ARM.ActiveCfg = Release|ARM
		{0479C79C-C7B0-42F5-8737-4F314DB3BDAD}.Release|ARM.Build.0 = Release|ARM
		{0479C79C-C7B0-42F5-8737-4F314DB3BDAD}.Release|ARM.Deploy.0 = Release|ARM
		{0479C79C-C7B0-42F5-8737-4F314DB3BDAD}.Release|ARM64.ActiveCfg = Release|ARM64
		{0479C79C-C7B0-42F5-8737-4F314DB3BDAD}.Release|ARM64.Build.0 = Release|ARM64
		{0479C79C-C7B0-42F5-8737-4F314DB3BDAD}.Release|ARM64.Deploy.0 = Release|ARM64
		{0479C79C-C7B0-42F5-8737-4F314DB3BDAD}.Release|x64.ActiveCfg = Release|x64
		{0479C79C-C7B0-42F5-8737-4F314DB3BDAD}.Release|x64.Build.0 = Release|x64
		{0479C79C-C7B0-42F5-8737-4F314DB3BDAD}.Release|x64.Deploy.0 = Release|x64
		{0479C79C-C7B0-42F5-8737-4F314DB3BDAD}.Release|x86.ActiveCfg = Release|x86
		{0479C79C-C7B0-42F5-8737-4F314DB3BDAD}.Release|x86.Build.0 = Release|x86
		{0479C79C-C7B0-42F5-8737-4F314DB3BDAD}.Release|x86.Deploy.0 = Release|x86
	EndGlobalSection
	GlobalSection(SolutionProperties) = preSolution
		HideSolutionNode = FALSE
	EndGlobalSection
	GlobalSection(ExtensibilityGlobals) = postSolution
		SolutionGuid = {331E1FCA-52DE-4342-B454-6640380EF013}
	EndGlobalSection
EndGlobal
